// !$*UTF8*$!
{
	archiveVersion = 1;
	classes = {
	};
	objectVersion = 50;
	objects = {

/* Begin PBXBuildFile section */
		CE283D7726C79E6C000F4038 /* AppDelegate.swift in Sources */ = {isa = PBXBuildFile; fileRef = CE283D7626C79E6C000F4038 /* AppDelegate.swift */; };
		CE283D7926C79E6C000F4038 /* SceneDelegate.swift in Sources */ = {isa = PBXBuildFile; fileRef = CE283D7826C79E6C000F4038 /* SceneDelegate.swift */; };
		CE283D7B26C79E6C000F4038 /* ViewController.swift in Sources */ = {isa = PBXBuildFile; fileRef = CE283D7A26C79E6C000F4038 /* ViewController.swift */; };
		CE283D7E26C79E6C000F4038 /* Main.storyboard in Resources */ = {isa = PBXBuildFile; fileRef = CE283D7C26C79E6C000F4038 /* Main.storyboard */; };
		CE283D8026C79E6F000F4038 /* Assets.xcassets in Resources */ = {isa = PBXBuildFile; fileRef = CE283D7F26C79E6F000F4038 /* Assets.xcassets */; };
		CE283D8326C79E6F000F4038 /* LaunchScreen.storyboard in Resources */ = {isa = PBXBuildFile; fileRef = CE283D8126C79E6F000F4038 /* LaunchScreen.storyboard */; };
		CE283D9E26C7A5FA000F4038 /* UIHosting.framework in Frameworks */ = {isa = PBXBuildFile; fileRef = CE283D9026C79E7B000F4038 /* UIHosting.framework */; };
		CE283DA026C7A69A000F4038 /* ExampleSwiftUIRow.swift in Sources */ = {isa = PBXBuildFile; fileRef = CE283D9F26C7A69A000F4038 /* ExampleSwiftUIRow.swift */; };
/* End PBXBuildFile section */

/* Begin PBXContainerItemProxy section */
		CE283D8F26C79E7B000F4038 /* PBXContainerItemProxy */ = {
			isa = PBXContainerItemProxy;
			containerPortal = CE283D8A26C79E7B000F4038 /* UIHosting.xcodeproj */;
			proxyType = 2;
			remoteGlobalIDString = CE283D5026C79E1E000F4038;
			remoteInfo = UIHosting;
		};
		CE283D9126C79E7B000F4038 /* PBXContainerItemProxy */ = {
			isa = PBXContainerItemProxy;
			containerPortal = CE283D8A26C79E7B000F4038 /* UIHosting.xcodeproj */;
			proxyType = 2;
			remoteGlobalIDString = CE283D5926C79E1F000F4038;
			remoteInfo = UIHostingTests;
		};
/* End PBXContainerItemProxy section */

/* Begin PBXFileReference section */
		CE283D7326C79E6C000F4038 /* UIHostingExample.app */ = {isa = PBXFileReference; explicitFileType = wrapper.application; includeInIndex = 0; path = UIHostingExample.app; sourceTree = BUILT_PRODUCTS_DIR; };
		CE283D7626C79E6C000F4038 /* AppDelegate.swift */ = {isa = PBXFileReference; lastKnownFileType = sourcecode.swift; path = AppDelegate.swift; sourceTree = "<group>"; };
		CE283D7826C79E6C000F4038 /* SceneDelegate.swift */ = {isa = PBXFileReference; lastKnownFileType = sourcecode.swift; path = SceneDelegate.swift; sourceTree = "<group>"; };
		CE283D7A26C79E6C000F4038 /* ViewController.swift */ = {isa = PBXFileReference; lastKnownFileType = sourcecode.swift; path = ViewController.swift; sourceTree = "<group>"; };
		CE283D7D26C79E6C000F4038 /* Base */ = {isa = PBXFileReference; lastKnownFileType = file.storyboard; name = Base; path = Base.lproj/Main.storyboard; sourceTree = "<group>"; };
		CE283D7F26C79E6F000F4038 /* Assets.xcassets */ = {isa = PBXFileReference; lastKnownFileType = folder.assetcatalog; path = Assets.xcassets; sourceTree = "<group>"; };
		CE283D8226C79E6F000F4038 /* Base */ = {isa = PBXFileReference; lastKnownFileType = file.storyboard; name = Base; path = Base.lproj/LaunchScreen.storyboard; sourceTree = "<group>"; };
		CE283D8426C79E6F000F4038 /* Info.plist */ = {isa = PBXFileReference; lastKnownFileType = text.plist.xml; path = Info.plist; sourceTree = "<group>"; };
		CE283D8A26C79E7B000F4038 /* UIHosting.xcodeproj */ = {isa = PBXFileReference; lastKnownFileType = "wrapper.pb-project"; name = UIHosting.xcodeproj; path = ../UIHosting.xcodeproj; sourceTree = "<group>"; };
		CE283D9F26C7A69A000F4038 /* ExampleSwiftUIRow.swift */ = {isa = PBXFileReference; lastKnownFileType = sourcecode.swift; path = ExampleSwiftUIRow.swift; sourceTree = "<group>"; };
/* End PBXFileReference section */

/* Begin PBXFrameworksBuildPhase section */
		CE283D7026C79E6C000F4038 /* Frameworks */ = {
			isa = PBXFrameworksBuildPhase;
			buildActionMask = 2147483647;
			files = (
				CE283D9E26C7A5FA000F4038 /* UIHosting.framework in Frameworks */,
			);
			runOnlyForDeploymentPostprocessing = 0;
		};
/* End PBXFrameworksBuildPhase section */

/* Begin PBXGroup section */
		CE283D6A26C79E6C000F4038 = {
			isa = PBXGroup;
			children = (
				CE283D8A26C79E7B000F4038 /* UIHosting.xcodeproj */,
				CE283D7526C79E6C000F4038 /* UIHostingExample */,
				CE283D7426C79E6C000F4038 /* Products */,
				CE283D9826C7A5CE000F4038 /* Frameworks */,
			);
			sourceTree = "<group>";
		};
		CE283D7426C79E6C000F4038 /* Products */ = {
			isa = PBXGroup;
			children = (
				CE283D7326C79E6C000F4038 /* UIHostingExample.app */,
			);
			name = Products;
			sourceTree = "<group>";
		};
		CE283D7526C79E6C000F4038 /* UIHostingExample */ = {
			isa = PBXGroup;
			children = (
				CE283D7626C79E6C000F4038 /* AppDelegate.swift */,
				CE283D7826C79E6C000F4038 /* SceneDelegate.swift */,
				CE283D7A26C79E6C000F4038 /* ViewController.swift */,
				CE283D9F26C7A69A000F4038 /* ExampleSwiftUIRow.swift */,
				CE283D7C26C79E6C000F4038 /* Main.storyboard */,
				CE283D7F26C79E6F000F4038 /* Assets.xcassets */,
				CE283D8126C79E6F000F4038 /* LaunchScreen.storyboard */,
				CE283D8426C79E6F000F4038 /* Info.plist */,
			);
			path = UIHostingExample;
			sourceTree = "<group>";
		};
		CE283D8B26C79E7B000F4038 /* Products */ = {
			isa = PBXGroup;
			children = (
				CE283D9026C79E7B000F4038 /* UIHosting.framework */,
				CE283D9226C79E7B000F4038 /* UIHostingTests.xctest */,
			);
			name = Products;
			sourceTree = "<group>";
		};
		CE283D9826C7A5CE000F4038 /* Frameworks */ = {
			isa = PBXGroup;
			children = (
			);
			name = Frameworks;
			sourceTree = "<group>";
		};
/* End PBXGroup section */

/* Begin PBXNativeTarget section */
		CE283D7226C79E6C000F4038 /* UIHostingExample */ = {
			isa = PBXNativeTarget;
			buildConfigurationList = CE283D8726C79E6F000F4038 /* Build configuration list for PBXNativeTarget "UIHostingExample" */;
			buildPhases = (
				CE283D6F26C79E6C000F4038 /* Sources */,
				CE283D7026C79E6C000F4038 /* Frameworks */,
				CE283D7126C79E6C000F4038 /* Resources */,
			);
			buildRules = (
			);
			dependencies = (
			);
			name = UIHostingExample;
			productName = UIHostingExample;
			productReference = CE283D7326C79E6C000F4038 /* UIHostingExample.app */;
			productType = "com.apple.product-type.application";
		};
/* End PBXNativeTarget section */

/* Begin PBXProject section */
		CE283D6B26C79E6C000F4038 /* Project object */ = {
			isa = PBXProject;
			attributes = {
				LastSwiftUpdateCheck = 1250;
				LastUpgradeCheck = 1250;
				TargetAttributes = {
					CE283D7226C79E6C000F4038 = {
						CreatedOnToolsVersion = 12.5.1;
					};
				};
			};
			buildConfigurationList = CE283D6E26C79E6C000F4038 /* Build configuration list for PBXProject "UIHostingExample" */;
			compatibilityVersion = "Xcode 9.3";
			developmentRegion = en;
			hasScannedForEncodings = 0;
			knownRegions = (
				en,
				Base,
			);
			mainGroup = CE283D6A26C79E6C000F4038;
			productRefGroup = CE283D7426C79E6C000F4038 /* Products */;
			projectDirPath = "";
			projectReferences = (
				{
					ProductGroup = CE283D8B26C79E7B000F4038 /* Products */;
					ProjectRef = CE283D8A26C79E7B000F4038 /* UIHosting.xcodeproj */;
				},
			);
			projectRoot = "";
			targets = (
				CE283D7226C79E6C000F4038 /* UIHostingExample */,
			);
		};
/* End PBXProject section */

/* Begin PBXReferenceProxy section */
		CE283D9026C79E7B000F4038 /* UIHosting.framework */ = {
			isa = PBXReferenceProxy;
			fileType = wrapper.framework;
			path = UIHosting.framework;
			remoteRef = CE283D8F26C79E7B000F4038 /* PBXContainerItemProxy */;
			sourceTree = BUILT_PRODUCTS_DIR;
		};
		CE283D9226C79E7B000F4038 /* UIHostingTests.xctest */ = {
			isa = PBXReferenceProxy;
			fileType = wrapper.cfbundle;
			path = UIHostingTests.xctest;
			remoteRef = CE283D9126C79E7B000F4038 /* PBXContainerItemProxy */;
			sourceTree = BUILT_PRODUCTS_DIR;
		};
/* End PBXReferenceProxy section */

/* Begin PBXResourcesBuildPhase section */
		CE283D7126C79E6C000F4038 /* Resources */ = {
			isa = PBXResourcesBuildPhase;
			buildActionMask = 2147483647;
			files = (
				CE283D8326C79E6F000F4038 /* LaunchScreen.storyboard in Resources */,
				CE283D8026C79E6F000F4038 /* Assets.xcassets in Resources */,
				CE283D7E26C79E6C000F4038 /* Main.storyboard in Resources */,
			);
			runOnlyForDeploymentPostprocessing = 0;
		};
/* End PBXResourcesBuildPhase section */

/* Begin PBXSourcesBuildPhase section */
		CE283D6F26C79E6C000F4038 /* Sources */ = {
			isa = PBXSourcesBuildPhase;
			buildActionMask = 2147483647;
			files = (
				CE283D7B26C79E6C000F4038 /* ViewController.swift in Sources */,
				CE283DA026C7A69A000F4038 /* ExampleSwiftUIRow.swift in Sources */,
				CE283D7726C79E6C000F4038 /* AppDelegate.swift in Sources */,
				CE283D7926C79E6C000F4038 /* SceneDelegate.swift in Sources */,
			);
			runOnlyForDeploymentPostprocessing = 0;
		};
/* End PBXSourcesBuildPhase section */

/* Begin PBXVariantGroup section */
		CE283D7C26C79E6C000F4038 /* Main.storyboard */ = {
			isa = PBXVariantGroup;
			children = (
				CE283D7D26C79E6C000F4038 /* Base */,
			);
			name = Main.storyboard;
			sourceTree = "<group>";
		};
		CE283D8126C79E6F000F4038 /* LaunchScreen.storyboard */ = {
			isa = PBXVariantGroup;
			children = (
				CE283D8226C79E6F000F4038 /* Base */,
			);
			name = LaunchScreen.storyboard;
			sourceTree = "<group>";
		};
/* End PBXVariantGroup section */

/* Begin XCBuildConfiguration section */
		CE283D8526C79E6F000F4038 /* Debug */ = {
			isa = XCBuildConfiguration;
			buildSettings = {
				ALWAYS_SEARCH_USER_PATHS = NO;
				CLANG_ANALYZER_NONNULL = YES;
				CLANG_ANALYZER_NUMBER_OBJECT_CONVERSION = YES_AGGRESSIVE;
				CLANG_CXX_LANGUAGE_STANDARD = "gnu++14";
				CLANG_CXX_LIBRARY = "libc++";
				CLANG_ENABLE_MODULES = YES;
				CLANG_ENABLE_OBJC_ARC = YES;
				CLANG_ENABLE_OBJC_WEAK = YES;
				CLANG_WARN_BLOCK_CAPTURE_AUTORELEASING = YES;
				CLANG_WARN_BOOL_CONVERSION = YES;
				CLANG_WARN_COMMA = YES;
				CLANG_WARN_CONSTANT_CONVERSION = YES;
				CLANG_WARN_DEPRECATED_OBJC_IMPLEMENTATIONS = YES;
				CLANG_WARN_DIRECT_OBJC_ISA_USAGE = YES_ERROR;
				CLANG_WARN_DOCUMENTATION_COMMENTS = YES;
				CLANG_WARN_EMPTY_BODY = YES;
				CLANG_WARN_ENUM_CONVERSION = YES;
				CLANG_WARN_INFINITE_RECURSION = YES;
				CLANG_WARN_INT_CONVERSION = YES;
				CLANG_WARN_NON_LITERAL_NULL_CONVERSION = YES;
				CLANG_WARN_OBJC_IMPLICIT_RETAIN_SELF = YES;
				CLANG_WARN_OBJC_LITERAL_CONVERSION = YES;
				CLANG_WARN_OBJC_ROOT_CLASS = YES_ERROR;
				CLANG_WARN_QUOTED_INCLUDE_IN_FRAMEWORK_HEADER = YES;
				CLANG_WARN_RANGE_LOOP_ANALYSIS = YES;
				CLANG_WARN_STRICT_PROTOTYPES = YES;
				CLANG_WARN_SUSPICIOUS_MOVE = YES;
				CLANG_WARN_UNGUARDED_AVAILABILITY = YES_AGGRESSIVE;
				CLANG_WARN_UNREACHABLE_CODE = YES;
				CLANG_WARN__DUPLICATE_METHOD_MATCH = YES;
				COPY_PHASE_STRIP = NO;
				DEBUG_INFORMATION_FORMAT = dwarf;
				ENABLE_STRICT_OBJC_MSGSEND = YES;
				ENABLE_TESTABILITY = YES;
				GCC_C_LANGUAGE_STANDARD = gnu11;
				GCC_DYNAMIC_NO_PIC = NO;
				GCC_NO_COMMON_BLOCKS = YES;
				GCC_OPTIMIZATION_LEVEL = 0;
				GCC_PREPROCESSOR_DEFINITIONS = (
					"DEBUG=1",
					"$(inherited)",
				);
				GCC_WARN_64_TO_32_BIT_CONVERSION = YES;
				GCC_WARN_ABOUT_RETURN_TYPE = YES_ERROR;
				GCC_WARN_UNDECLARED_SELECTOR = YES;
				GCC_WARN_UNINITIALIZED_AUTOS = YES_AGGRESSIVE;
				GCC_WARN_UNUSED_FUNCTION = YES;
				GCC_WARN_UNUSED_VARIABLE = YES;
				IPHONEOS_DEPLOYMENT_TARGET = 14.5;
				MTL_ENABLE_DEBUG_INFO = INCLUDE_SOURCE;
				MTL_FAST_MATH = YES;
				ONLY_ACTIVE_ARCH = YES;
				SDKROOT = iphoneos;
				SWIFT_ACTIVE_COMPILATION_CONDITIONS = DEBUG;
				SWIFT_OPTIMIZATION_LEVEL = "-Onone";
			};
			name = Debug;
		};
		CE283D8626C79E6F000F4038 /* Release */ = {
			isa = XCBuildConfiguration;
			buildSettings = {
				ALWAYS_SEARCH_USER_PATHS = NO;
				CLANG_ANALYZER_NONNULL = YES;
				CLANG_ANALYZER_NUMBER_OBJECT_CONVERSION = YES_AGGRESSIVE;
				CLANG_CXX_LANGUAGE_STANDARD = "gnu++14";
				CLANG_CXX_LIBRARY = "libc++";
				CLANG_ENABLE_MODULES = YES;
				CLANG_ENABLE_OBJC_ARC = YES;
				CLANG_ENABLE_OBJC_WEAK = YES;
				CLANG_WARN_BLOCK_CAPTURE_AUTORELEASING = YES;
				CLANG_WARN_BOOL_CONVERSION = YES;
				CLANG_WARN_COMMA = YES;
				CLANG_WARN_CONSTANT_CONVERSION = YES;
				CLANG_WARN_DEPRECATED_OBJC_IMPLEMENTATIONS = YES;
				CLANG_WARN_DIRECT_OBJC_ISA_USAGE = YES_ERROR;
				CLANG_WARN_DOCUMENTATION_COMMENTS = YES;
				CLANG_WARN_EMPTY_BODY = YES;
				CLANG_WARN_ENUM_CONVERSION = YES;
				CLANG_WARN_INFINITE_RECURSION = YES;
				CLANG_WARN_INT_CONVERSION = YES;
				CLANG_WARN_NON_LITERAL_NULL_CONVERSION = YES;
				CLANG_WARN_OBJC_IMPLICIT_RETAIN_SELF = YES;
				CLANG_WARN_OBJC_LITERAL_CONVERSION = YES;
				CLANG_WARN_OBJC_ROOT_CLASS = YES_ERROR;
				CLANG_WARN_QUOTED_INCLUDE_IN_FRAMEWORK_HEADER = YES;
				CLANG_WARN_RANGE_LOOP_ANALYSIS = YES;
				CLANG_WARN_STRICT_PROTOTYPES = YES;
				CLANG_WARN_SUSPICIOUS_MOVE = YES;
				CLANG_WARN_UNGUARDED_AVAILABILITY = YES_AGGRESSIVE;
				CLANG_WARN_UNREACHABLE_CODE = YES;
				CLANG_WARN__DUPLICATE_METHOD_MATCH = YES;
				COPY_PHASE_STRIP = NO;
				DEBUG_INFORMATION_FORMAT = "dwarf-with-dsym";
				ENABLE_NS_ASSERTIONS = NO;
				ENABLE_STRICT_OBJC_MSGSEND = YES;
				GCC_C_LANGUAGE_STANDARD = gnu11;
				GCC_NO_COMMON_BLOCKS = YES;
				GCC_WARN_64_TO_32_BIT_CONVERSION = YES;
				GCC_WARN_ABOUT_RETURN_TYPE = YES_ERROR;
				GCC_WARN_UNDECLARED_SELECTOR = YES;
				GCC_WARN_UNINITIALIZED_AUTOS = YES_AGGRESSIVE;
				GCC_WARN_UNUSED_FUNCTION = YES;
				GCC_WARN_UNUSED_VARIABLE = YES;
				IPHONEOS_DEPLOYMENT_TARGET = 14.5;
				MTL_ENABLE_DEBUG_INFO = NO;
				MTL_FAST_MATH = YES;
				SDKROOT = iphoneos;
				SWIFT_COMPILATION_MODE = wholemodule;
				SWIFT_OPTIMIZATION_LEVEL = "-O";
				VALIDATE_PRODUCT = YES;
			};
			name = Release;
		};
		CE283D8826C79E6F000F4038 /* Debug */ = {
			isa = XCBuildConfiguration;
			buildSettings = {
				ASSETCATALOG_COMPILER_APPICON_NAME = AppIcon;
				ASSETCATALOG_COMPILER_GLOBAL_ACCENT_COLOR_NAME = AccentColor;
				CODE_SIGN_STYLE = Automatic;
				DEVELOPMENT_TEAM = E53J4346HQ;
				INFOPLIST_FILE = UIHostingExample/Info.plist;
				LD_RUNPATH_SEARCH_PATHS = (
					"$(inherited)",
					"@executable_path/Frameworks",
				);
				PRODUCT_BUNDLE_IDENTIFIER = com.cozzin.UIHostingExample;
				PRODUCT_NAME = "$(TARGET_NAME)";
				SWIFT_VERSION = 5.0;
				TARGETED_DEVICE_FAMILY = "1,2";
			};
			name = Debug;
		};
		CE283D8926C79E6F000F4038 /* Release */ = {
			isa = XCBuildConfiguration;
			buildSettings = {
				ASSETCATALOG_COMPILER_APPICON_NAME = AppIcon;
				ASSETCATALOG_COMPILER_GLOBAL_ACCENT_COLOR_NAME = AccentColor;
				CODE_SIGN_STYLE = Automatic;
				DEVELOPMENT_TEAM = E53J4346HQ;
				INFOPLIST_FILE = UIHostingExample/Info.plist;
				LD_RUNPATH_SEARCH_PATHS = (
					"$(inherited)",
					"@executable_path/Frameworks",
				);
				PRODUCT_BUNDLE_IDENTIFIER = com.cozzin.UIHostingExample;
				PRODUCT_NAME = "$(TARGET_NAME)";
				SWIFT_VERSION = 5.0;
				TARGETED_DEVICE_FAMILY = "1,2";
			};
			name = Release;
		};
/* End XCBuildConfiguration section */

/* Begin XCConfigurationList section */
		CE283D6E26C79E6C000F4038 /* Build configuration list for PBXProject "UIHostingExample" */ = {
			isa = XCConfigurationList;
			buildConfigurations = (
				CE283D8526C79E6F000F4038 /* Debug */,
				CE283D8626C79E6F000F4038 /* Release */,
			);
			defaultConfigurationIsVisible = 0;
			defaultConfigurationName = Release;
		};
		CE283D8726C79E6F000F4038 /* Build configuration list for PBXNativeTarget "UIHostingExample" */ = {
			isa = XCConfigurationList;
			buildConfigurations = (
				CE283D8826C79E6F000F4038 /* Debug */,
				CE283D8926C79E6F000F4038 /* Release */,
			);
			defaultConfigurationIsVisible = 0;
			defaultConfigurationName = Release;
		};
/* End XCConfigurationList section */
	};
	rootObject = CE283D6B26C79E6C000F4038 /* Project object */;
}
